// !$*UTF8*$!
{
	archiveVersion = 1;
	classes = {
	};
	objectVersion = 50;
	objects = {

/* Begin PBXBuildFile section */
		4CB8CC3A23D62C2D0002D411 /* UniverseEarthLocationInfo.swift in Sources */ = {isa = PBXBuildFile; fileRef = 4CB8CC3923D62C2D0002D411 /* UniverseEarthLocationInfo.swift */; };
		4CB8CC3C23D62C930002D411 /* UniverseEarthLocationInfoViewModel.swift in Sources */ = {isa = PBXBuildFile; fileRef = 4CB8CC3B23D62C930002D411 /* UniverseEarthLocationInfoViewModel.swift */; };
		4CB8CC3F23D64B3F0002D411 /* UniverseEarthDateSelectionViewController.swift in Sources */ = {isa = PBXBuildFile; fileRef = 4CB8CC3D23D64B3F0002D411 /* UniverseEarthDateSelectionViewController.swift */; };
		4CB8CC4023D64B3F0002D411 /* UniverseEarthDateSelectionViewController.xib in Resources */ = {isa = PBXBuildFile; fileRef = 4CB8CC3E23D64B3F0002D411 /* UniverseEarthDateSelectionViewController.xib */; };
		4CD0FDB723D4A4B800CA6052 /* UniverseImageryErrorUtilities.swift in Sources */ = {isa = PBXBuildFile; fileRef = 4CD0FDB623D4A4B800CA6052 /* UniverseImageryErrorUtilities.swift */; };
		4CD0FDBB23D4D37D00CA6052 /* UniverseEarthCriteriaSelectionViewController.swift in Sources */ = {isa = PBXBuildFile; fileRef = 4CD0FDB923D4D37D00CA6052 /* UniverseEarthCriteriaSelectionViewController.swift */; };
		4CD0FDBC23D4D37D00CA6052 /* UniverseEarthCriteriaSelectionViewController.xib in Resources */ = {isa = PBXBuildFile; fileRef = 4CD0FDBA23D4D37D00CA6052 /* UniverseEarthCriteriaSelectionViewController.xib */; };
		8E51DA4123C07B3D0019E673 /* UniverseRoverCamera.swift in Sources */ = {isa = PBXBuildFile; fileRef = 8E51DA4023C07B3D0019E673 /* UniverseRoverCamera.swift */; };
		8E51DA4323C07EA10019E673 /* UniverseRoverCameraCriteria.swift in Sources */ = {isa = PBXBuildFile; fileRef = 8E51DA4223C07EA10019E673 /* UniverseRoverCameraCriteria.swift */; };
		8E59119623C23C850060CC6A /* UniverseRoverAPIResult.swift in Sources */ = {isa = PBXBuildFile; fileRef = 8E59119523C23C850060CC6A /* UniverseRoverAPIResult.swift */; };
		8E59119823C23E4C0060CC6A /* UniverseImageryData.swift in Sources */ = {isa = PBXBuildFile; fileRef = 8E59119723C23E4C0060CC6A /* UniverseImageryData.swift */; };
		8E59119A23C2614B0060CC6A /* UniverseImageryRoverData.swift in Sources */ = {isa = PBXBuildFile; fileRef = 8E59119923C2614B0060CC6A /* UniverseImageryRoverData.swift */; };
		8E59119D23C267300060CC6A /* UniverseImageryEarthData.swift in Sources */ = {isa = PBXBuildFile; fileRef = 8E59119C23C267300060CC6A /* UniverseImageryEarthData.swift */; };
		8E60764423C30B0400EDEC8A /* UniverseImageOperation.swift in Sources */ = {isa = PBXBuildFile; fileRef = 8E60764323C30B0400EDEC8A /* UniverseImageOperation.swift */; };
		8E60764823C3AC9C00EDEC8A /* UniverseRoverCriteriaSelectionViewController.swift in Sources */ = {isa = PBXBuildFile; fileRef = 8E60764623C3AC9C00EDEC8A /* UniverseRoverCriteriaSelectionViewController.swift */; };
		8E60764923C3AC9C00EDEC8A /* UniverseRoverCriteriaSelectionViewController.xib in Resources */ = {isa = PBXBuildFile; fileRef = 8E60764723C3AC9C00EDEC8A /* UniverseRoverCriteriaSelectionViewController.xib */; };
		8E60764C23C462D100EDEC8A /* UniverseAlertViewController.swift in Sources */ = {isa = PBXBuildFile; fileRef = 8E60764B23C462D100EDEC8A /* UniverseAlertViewController.swift */; };
		8E60764E23C4D48400EDEC8A /* UniverseArrayExtension.swift in Sources */ = {isa = PBXBuildFile; fileRef = 8E60764D23C4D48400EDEC8A /* UniverseArrayExtension.swift */; };
		8E60765123C4FF9B00EDEC8A /* UniverseRoverCameraSelectionViewController.swift in Sources */ = {isa = PBXBuildFile; fileRef = 8E60764F23C4FF9B00EDEC8A /* UniverseRoverCameraSelectionViewController.swift */; };
		8E60765223C4FF9B00EDEC8A /* UniverseRoverCameraSelectionViewController.xib in Resources */ = {isa = PBXBuildFile; fileRef = 8E60765023C4FF9B00EDEC8A /* UniverseRoverCameraSelectionViewController.xib */; };
		8E7BEC2C23BFCBCE004D14A2 /* AppDelegate.swift in Sources */ = {isa = PBXBuildFile; fileRef = 8E7BEC2B23BFCBCE004D14A2 /* AppDelegate.swift */; };
		8E7BEC2E23BFCBCE004D14A2 /* SceneDelegate.swift in Sources */ = {isa = PBXBuildFile; fileRef = 8E7BEC2D23BFCBCE004D14A2 /* SceneDelegate.swift */; };
		8E7BEC3023BFCBCE004D14A2 /* UniverseImageryLandingViewController.swift in Sources */ = {isa = PBXBuildFile; fileRef = 8E7BEC2F23BFCBCE004D14A2 /* UniverseImageryLandingViewController.swift */; };
		8E7BEC3323BFCBCE004D14A2 /* Main.storyboard in Resources */ = {isa = PBXBuildFile; fileRef = 8E7BEC3123BFCBCE004D14A2 /* Main.storyboard */; };
		8E7BEC3523BFCBD4004D14A2 /* Assets.xcassets in Resources */ = {isa = PBXBuildFile; fileRef = 8E7BEC3423BFCBD4004D14A2 /* Assets.xcassets */; };
		8E7BEC3823BFCBD4004D14A2 /* LaunchScreen.storyboard in Resources */ = {isa = PBXBuildFile; fileRef = 8E7BEC3623BFCBD4004D14A2 /* LaunchScreen.storyboard */; };
		8E7BEC4323BFCBD4004D14A2 /* UniverseImageryLandingViewControllerTest.swift in Sources */ = {isa = PBXBuildFile; fileRef = 8E7BEC4223BFCBD4004D14A2 /* UniverseImageryLandingViewControllerTest.swift */; };
		8E7BEC4F23BFD91A004D14A2 /* UniverseImageryUrlCreator.swift in Sources */ = {isa = PBXBuildFile; fileRef = 8E7BEC4E23BFD91A004D14A2 /* UniverseImageryUrlCreator.swift */; };
		8E7BEC5123BFE0FF004D14A2 /* UniverseImageryEndpoint.swift in Sources */ = {isa = PBXBuildFile; fileRef = 8E7BEC5023BFE0FF004D14A2 /* UniverseImageryEndpoint.swift */; };
		8E980F7D23DC5CBB00179075 /* UniverseRoverAPIResultTest.swift in Sources */ = {isa = PBXBuildFile; fileRef = 8E980F7C23DC5CBB00179075 /* UniverseRoverAPIResultTest.swift */; };
		8E980F7F23DC5E8100179075 /* UniverseImageryRoverAPISample.json in Resources */ = {isa = PBXBuildFile; fileRef = 8E980F7E23DC5E8100179075 /* UniverseImageryRoverAPISample.json */; };
		8E980F8223DC610E00179075 /* UniverseImagerySampleJSONReader.swift in Sources */ = {isa = PBXBuildFile; fileRef = 8E980F8123DC610E00179075 /* UniverseImagerySampleJSONReader.swift */; };
		8E980F8523DC64FA00179075 /* UniverseImageryEarthAPISample.json in Resources */ = {isa = PBXBuildFile; fileRef = 8E980F8423DC64FA00179075 /* UniverseImageryEarthAPISample.json */; };
		8E980F8723DC663800179075 /* UniverseImageryEarthDataTest.swift in Sources */ = {isa = PBXBuildFile; fileRef = 8E980F8623DC663800179075 /* UniverseImageryEarthDataTest.swift */; };
		8E980F8923DC69FF00179075 /* UniverseImageAPIErrorTest.swift in Sources */ = {isa = PBXBuildFile; fileRef = 8E980F8823DC69FF00179075 /* UniverseImageAPIErrorTest.swift */; };
		8E980F8B23DC6B8E00179075 /* UniverseImageryEndpointTest.swift in Sources */ = {isa = PBXBuildFile; fileRef = 8E980F8A23DC6B8E00179075 /* UniverseImageryEndpointTest.swift */; };
		8E980F8D23DC709200179075 /* UniverseRoverCameraTest.swift in Sources */ = {isa = PBXBuildFile; fileRef = 8E980F8C23DC709200179075 /* UniverseRoverCameraTest.swift */; };
		8E980F8F23DC74BA00179075 /* UniverseRoverCriteriaSelectionViewControllerTest.swift in Sources */ = {isa = PBXBuildFile; fileRef = 8E980F8E23DC74BA00179075 /* UniverseRoverCriteriaSelectionViewControllerTest.swift */; };
		8E980F9123DCC1D300179075 /* UniverseRoverCameraSelectionViewControllerTest.swift in Sources */ = {isa = PBXBuildFile; fileRef = 8E980F9023DCC1D300179075 /* UniverseRoverCameraSelectionViewControllerTest.swift */; };
		8EA41C1423C10A8F0063BF35 /* UniverseImageAPI.swift in Sources */ = {isa = PBXBuildFile; fileRef = 8EA41C1323C10A8F0063BF35 /* UniverseImageAPI.swift */; };
		8EA6A91123E0C4C400EDC1B4 /* UniverseEarthCriteriaSelectionViewControllerTest.swift in Sources */ = {isa = PBXBuildFile; fileRef = 8EA6A91023E0C4C400EDC1B4 /* UniverseEarthCriteriaSelectionViewControllerTest.swift */; };
		8EA6A91323E14EBE00EDC1B4 /* UniverseEarthDateSelectionViewControllerTest.swift in Sources */ = {isa = PBXBuildFile; fileRef = 8EA6A91223E14EBE00EDC1B4 /* UniverseEarthDateSelectionViewControllerTest.swift */; };
		8EA6A91523E1725600EDC1B4 /* UniverseViewUtilitiesTest.swift in Sources */ = {isa = PBXBuildFile; fileRef = 8EA6A91423E1725600EDC1B4 /* UniverseViewUtilitiesTest.swift */; };
		8EA6A91723E172FC00EDC1B4 /* UniverseImageryErrorUtilitiesTest.swift in Sources */ = {isa = PBXBuildFile; fileRef = 8EA6A91623E172FC00EDC1B4 /* UniverseImageryErrorUtilitiesTest.swift */; };
		8EA6A91923E173BD00EDC1B4 /* UniverseArrayExtensionTest.swift in Sources */ = {isa = PBXBuildFile; fileRef = 8EA6A91823E173BD00EDC1B4 /* UniverseArrayExtensionTest.swift */; };
		8EA6A91B23E1787300EDC1B4 /* UniverseImageViewControllerTest.swift in Sources */ = {isa = PBXBuildFile; fileRef = 8EA6A91A23E1787300EDC1B4 /* UniverseImageViewControllerTest.swift */; };
		8EA6A91D23E1A50900EDC1B4 /* UniverseImageCollectionViewControllerTest.swift in Sources */ = {isa = PBXBuildFile; fileRef = 8EA6A91C23E1A50900EDC1B4 /* UniverseImageCollectionViewControllerTest.swift */; };
		8EA6A91F23E1AC1E00EDC1B4 /* UniverseImageryTextFieldDelegateTest.swift in Sources */ = {isa = PBXBuildFile; fileRef = 8EA6A91E23E1AC1E00EDC1B4 /* UniverseImageryTextFieldDelegateTest.swift */; };
		8EA6A92123E1B37F00EDC1B4 /* UniverseImageEmailConfigurerTest.swift in Sources */ = {isa = PBXBuildFile; fileRef = 8EA6A92023E1B37F00EDC1B4 /* UniverseImageEmailConfigurerTest.swift */; };
		8EA6A92323E1C2CC00EDC1B4 /* UniverseImageryLoadMoreButtonCollectionViewTest.swift in Sources */ = {isa = PBXBuildFile; fileRef = 8EA6A92223E1C2CC00EDC1B4 /* UniverseImageryLoadMoreButtonCollectionViewTest.swift */; };
		8EA6A92523E1C47900EDC1B4 /* UniverseImageryDatePickerTest.swift in Sources */ = {isa = PBXBuildFile; fileRef = 8EA6A92423E1C47900EDC1B4 /* UniverseImageryDatePickerTest.swift */; };
		8EC73D2123CB9758000D53DC /* UniverseImageryTextFieldDelegate.swift in Sources */ = {isa = PBXBuildFile; fileRef = 8EC73D2023CB9758000D53DC /* UniverseImageryTextFieldDelegate.swift */; };
		8EC73D2323CBA131000D53DC /* UniverseImageryDatePicker.swift in Sources */ = {isa = PBXBuildFile; fileRef = 8EC73D2223CBA131000D53DC /* UniverseImageryDatePicker.swift */; };
		8ECA71E723D039BF004DC5CA /* UniverseImageryLoadMoreButtonCollectionView.swift in Sources */ = {isa = PBXBuildFile; fileRef = 8ECA71E623D039BF004DC5CA /* UniverseImageryLoadMoreButtonCollectionView.swift */; };
		8ECD1CE823D985DD008A1703 /* UniverseViewUtilities.swift in Sources */ = {isa = PBXBuildFile; fileRef = 8ECD1CE723D985DD008A1703 /* UniverseViewUtilities.swift */; };
		8EEC069C23CDC9F300A32FE8 /* UniverseImageViewModel.swift in Sources */ = {isa = PBXBuildFile; fileRef = 8EEC069B23CDC9F300A32FE8 /* UniverseImageViewModel.swift */; };
		8EEC069F23CDD51200A32FE8 /* UniverseImageCollectionViewController.swift in Sources */ = {isa = PBXBuildFile; fileRef = 8EEC069D23CDD51200A32FE8 /* UniverseImageCollectionViewController.swift */; };
		8EEC06A023CDD51200A32FE8 /* UniverseImageCollectionViewController.xib in Resources */ = {isa = PBXBuildFile; fileRef = 8EEC069E23CDD51200A32FE8 /* UniverseImageCollectionViewController.xib */; };
		8EEC06A523CE37BD00A32FE8 /* UniverseImageViewController.swift in Sources */ = {isa = PBXBuildFile; fileRef = 8EEC06A323CE37BD00A32FE8 /* UniverseImageViewController.swift */; };
		8EEC06A623CE37BD00A32FE8 /* UniverseImageViewController.xib in Resources */ = {isa = PBXBuildFile; fileRef = 8EEC06A423CE37BD00A32FE8 /* UniverseImageViewController.xib */; };
		8EEC06AC23CF292800A32FE8 /* UniverseImageEmailConfigurer.swift in Sources */ = {isa = PBXBuildFile; fileRef = 8EEC06AB23CF292800A32FE8 /* UniverseImageEmailConfigurer.swift */; };
		8EEC06AF23CF2E1900A32FE8 /* UniverseImageEmailDataSource.swift in Sources */ = {isa = PBXBuildFile; fileRef = 8EEC06AE23CF2E1900A32FE8 /* UniverseImageEmailDataSource.swift */; };
/* End PBXBuildFile section */

/* Begin PBXContainerItemProxy section */
		8E7BEC3F23BFCBD4004D14A2 /* PBXContainerItemProxy */ = {
			isa = PBXContainerItemProxy;
			containerPortal = 8E7BEC2023BFCBCE004D14A2 /* Project object */;
			proxyType = 1;
			remoteGlobalIDString = 8E7BEC2723BFCBCE004D14A2;
			remoteInfo = UniverseImagery;
		};
/* End PBXContainerItemProxy section */

/* Begin PBXFileReference section */
		4CB8CC3923D62C2D0002D411 /* UniverseEarthLocationInfo.swift */ = {isa = PBXFileReference; lastKnownFileType = sourcecode.swift; path = UniverseEarthLocationInfo.swift; sourceTree = "<group>"; };
		4CB8CC3B23D62C930002D411 /* UniverseEarthLocationInfoViewModel.swift */ = {isa = PBXFileReference; lastKnownFileType = sourcecode.swift; path = UniverseEarthLocationInfoViewModel.swift; sourceTree = "<group>"; };
		4CB8CC3D23D64B3F0002D411 /* UniverseEarthDateSelectionViewController.swift */ = {isa = PBXFileReference; lastKnownFileType = sourcecode.swift; path = UniverseEarthDateSelectionViewController.swift; sourceTree = "<group>"; };
		4CB8CC3E23D64B3F0002D411 /* UniverseEarthDateSelectionViewController.xib */ = {isa = PBXFileReference; lastKnownFileType = file.xib; path = UniverseEarthDateSelectionViewController.xib; sourceTree = "<group>"; };
		4CD0FDB623D4A4B800CA6052 /* UniverseImageryErrorUtilities.swift */ = {isa = PBXFileReference; lastKnownFileType = sourcecode.swift; path = UniverseImageryErrorUtilities.swift; sourceTree = "<group>"; };
		4CD0FDB923D4D37D00CA6052 /* UniverseEarthCriteriaSelectionViewController.swift */ = {isa = PBXFileReference; lastKnownFileType = sourcecode.swift; path = UniverseEarthCriteriaSelectionViewController.swift; sourceTree = "<group>"; };
		4CD0FDBA23D4D37D00CA6052 /* UniverseEarthCriteriaSelectionViewController.xib */ = {isa = PBXFileReference; lastKnownFileType = file.xib; path = UniverseEarthCriteriaSelectionViewController.xib; sourceTree = "<group>"; };
		8E51DA4023C07B3D0019E673 /* UniverseRoverCamera.swift */ = {isa = PBXFileReference; lastKnownFileType = sourcecode.swift; path = UniverseRoverCamera.swift; sourceTree = "<group>"; };
		8E51DA4223C07EA10019E673 /* UniverseRoverCameraCriteria.swift */ = {isa = PBXFileReference; lastKnownFileType = sourcecode.swift; path = UniverseRoverCameraCriteria.swift; sourceTree = "<group>"; };
		8E59119523C23C850060CC6A /* UniverseRoverAPIResult.swift */ = {isa = PBXFileReference; lastKnownFileType = sourcecode.swift; name = UniverseRoverAPIResult.swift; path = ../UniverseRoverAPIResult.swift; sourceTree = "<group>"; };
		8E59119723C23E4C0060CC6A /* UniverseImageryData.swift */ = {isa = PBXFileReference; lastKnownFileType = sourcecode.swift; path = UniverseImageryData.swift; sourceTree = "<group>"; };
		8E59119923C2614B0060CC6A /* UniverseImageryRoverData.swift */ = {isa = PBXFileReference; lastKnownFileType = sourcecode.swift; name = UniverseImageryRoverData.swift; path = ../UniverseImageryRoverData.swift; sourceTree = "<group>"; };
		8E59119C23C267300060CC6A /* UniverseImageryEarthData.swift */ = {isa = PBXFileReference; lastKnownFileType = sourcecode.swift; name = UniverseImageryEarthData.swift; path = ../UniverseImageryEarthData.swift; sourceTree = "<group>"; };
		8E60764323C30B0400EDEC8A /* UniverseImageOperation.swift */ = {isa = PBXFileReference; lastKnownFileType = sourcecode.swift; path = UniverseImageOperation.swift; sourceTree = "<group>"; };
		8E60764623C3AC9C00EDEC8A /* UniverseRoverCriteriaSelectionViewController.swift */ = {isa = PBXFileReference; lastKnownFileType = sourcecode.swift; path = UniverseRoverCriteriaSelectionViewController.swift; sourceTree = "<group>"; };
		8E60764723C3AC9C00EDEC8A /* UniverseRoverCriteriaSelectionViewController.xib */ = {isa = PBXFileReference; lastKnownFileType = file.xib; path = UniverseRoverCriteriaSelectionViewController.xib; sourceTree = "<group>"; };
		8E60764B23C462D100EDEC8A /* UniverseAlertViewController.swift */ = {isa = PBXFileReference; lastKnownFileType = sourcecode.swift; path = UniverseAlertViewController.swift; sourceTree = "<group>"; };
		8E60764D23C4D48400EDEC8A /* UniverseArrayExtension.swift */ = {isa = PBXFileReference; lastKnownFileType = sourcecode.swift; path = UniverseArrayExtension.swift; sourceTree = "<group>"; };
		8E60764F23C4FF9B00EDEC8A /* UniverseRoverCameraSelectionViewController.swift */ = {isa = PBXFileReference; lastKnownFileType = sourcecode.swift; path = UniverseRoverCameraSelectionViewController.swift; sourceTree = "<group>"; };
		8E60765023C4FF9B00EDEC8A /* UniverseRoverCameraSelectionViewController.xib */ = {isa = PBXFileReference; lastKnownFileType = file.xib; path = UniverseRoverCameraSelectionViewController.xib; sourceTree = "<group>"; };
		8E7BEC2823BFCBCE004D14A2 /* UniverseImagery.app */ = {isa = PBXFileReference; explicitFileType = wrapper.application; includeInIndex = 0; path = UniverseImagery.app; sourceTree = BUILT_PRODUCTS_DIR; };
		8E7BEC2B23BFCBCE004D14A2 /* AppDelegate.swift */ = {isa = PBXFileReference; lastKnownFileType = sourcecode.swift; path = AppDelegate.swift; sourceTree = "<group>"; };
		8E7BEC2D23BFCBCE004D14A2 /* SceneDelegate.swift */ = {isa = PBXFileReference; lastKnownFileType = sourcecode.swift; path = SceneDelegate.swift; sourceTree = "<group>"; };
		8E7BEC2F23BFCBCE004D14A2 /* UniverseImageryLandingViewController.swift */ = {isa = PBXFileReference; lastKnownFileType = sourcecode.swift; path = UniverseImageryLandingViewController.swift; sourceTree = "<group>"; };
		8E7BEC3223BFCBCE004D14A2 /* Base */ = {isa = PBXFileReference; lastKnownFileType = file.storyboard; name = Base; path = Base.lproj/Main.storyboard; sourceTree = "<group>"; };
		8E7BEC3423BFCBD4004D14A2 /* Assets.xcassets */ = {isa = PBXFileReference; lastKnownFileType = folder.assetcatalog; path = Assets.xcassets; sourceTree = "<group>"; };
		8E7BEC3723BFCBD4004D14A2 /* Base */ = {isa = PBXFileReference; lastKnownFileType = file.storyboard; name = Base; path = Base.lproj/LaunchScreen.storyboard; sourceTree = "<group>"; };
		8E7BEC3923BFCBD4004D14A2 /* Info.plist */ = {isa = PBXFileReference; lastKnownFileType = text.plist.xml; path = Info.plist; sourceTree = "<group>"; };
		8E7BEC3E23BFCBD4004D14A2 /* UniverseImageryTests.xctest */ = {isa = PBXFileReference; explicitFileType = wrapper.cfbundle; includeInIndex = 0; path = UniverseImageryTests.xctest; sourceTree = BUILT_PRODUCTS_DIR; };
		8E7BEC4223BFCBD4004D14A2 /* UniverseImageryLandingViewControllerTest.swift */ = {isa = PBXFileReference; lastKnownFileType = sourcecode.swift; path = UniverseImageryLandingViewControllerTest.swift; sourceTree = "<group>"; };
		8E7BEC4423BFCBD4004D14A2 /* Info.plist */ = {isa = PBXFileReference; lastKnownFileType = text.plist.xml; path = Info.plist; sourceTree = "<group>"; };
		8E7BEC4E23BFD91A004D14A2 /* UniverseImageryUrlCreator.swift */ = {isa = PBXFileReference; lastKnownFileType = sourcecode.swift; path = UniverseImageryUrlCreator.swift; sourceTree = "<group>"; };
		8E7BEC5023BFE0FF004D14A2 /* UniverseImageryEndpoint.swift */ = {isa = PBXFileReference; lastKnownFileType = sourcecode.swift; path = UniverseImageryEndpoint.swift; sourceTree = "<group>"; };
		8E980F7C23DC5CBB00179075 /* UniverseRoverAPIResultTest.swift */ = {isa = PBXFileReference; lastKnownFileType = sourcecode.swift; path = UniverseRoverAPIResultTest.swift; sourceTree = "<group>"; };
		8E980F7E23DC5E8100179075 /* UniverseImageryRoverAPISample.json */ = {isa = PBXFileReference; lastKnownFileType = text.json; path = UniverseImageryRoverAPISample.json; sourceTree = "<group>"; };
		8E980F8123DC610E00179075 /* UniverseImagerySampleJSONReader.swift */ = {isa = PBXFileReference; lastKnownFileType = sourcecode.swift; path = UniverseImagerySampleJSONReader.swift; sourceTree = "<group>"; };
		8E980F8423DC64FA00179075 /* UniverseImageryEarthAPISample.json */ = {isa = PBXFileReference; lastKnownFileType = text.json; path = UniverseImageryEarthAPISample.json; sourceTree = "<group>"; };
		8E980F8623DC663800179075 /* UniverseImageryEarthDataTest.swift */ = {isa = PBXFileReference; lastKnownFileType = sourcecode.swift; path = UniverseImageryEarthDataTest.swift; sourceTree = "<group>"; };
		8E980F8823DC69FF00179075 /* UniverseImageAPIErrorTest.swift */ = {isa = PBXFileReference; lastKnownFileType = sourcecode.swift; path = UniverseImageAPIErrorTest.swift; sourceTree = "<group>"; };
		8E980F8A23DC6B8E00179075 /* UniverseImageryEndpointTest.swift */ = {isa = PBXFileReference; lastKnownFileType = sourcecode.swift; path = UniverseImageryEndpointTest.swift; sourceTree = "<group>"; };
		8E980F8C23DC709200179075 /* UniverseRoverCameraTest.swift */ = {isa = PBXFileReference; lastKnownFileType = sourcecode.swift; path = UniverseRoverCameraTest.swift; sourceTree = "<group>"; };
		8E980F8E23DC74BA00179075 /* UniverseRoverCriteriaSelectionViewControllerTest.swift */ = {isa = PBXFileReference; lastKnownFileType = sourcecode.swift; path = UniverseRoverCriteriaSelectionViewControllerTest.swift; sourceTree = "<group>"; };
		8E980F9023DCC1D300179075 /* UniverseRoverCameraSelectionViewControllerTest.swift */ = {isa = PBXFileReference; lastKnownFileType = sourcecode.swift; path = UniverseRoverCameraSelectionViewControllerTest.swift; sourceTree = "<group>"; };
		8EA41C1323C10A8F0063BF35 /* UniverseImageAPI.swift */ = {isa = PBXFileReference; lastKnownFileType = sourcecode.swift; path = UniverseImageAPI.swift; sourceTree = "<group>"; };
		8EA6A91023E0C4C400EDC1B4 /* UniverseEarthCriteriaSelectionViewControllerTest.swift */ = {isa = PBXFileReference; lastKnownFileType = sourcecode.swift; path = UniverseEarthCriteriaSelectionViewControllerTest.swift; sourceTree = "<group>"; };
		8EA6A91223E14EBE00EDC1B4 /* UniverseEarthDateSelectionViewControllerTest.swift */ = {isa = PBXFileReference; lastKnownFileType = sourcecode.swift; path = UniverseEarthDateSelectionViewControllerTest.swift; sourceTree = "<group>"; };
		8EA6A91423E1725600EDC1B4 /* UniverseViewUtilitiesTest.swift */ = {isa = PBXFileReference; lastKnownFileType = sourcecode.swift; path = UniverseViewUtilitiesTest.swift; sourceTree = "<group>"; };
		8EA6A91623E172FC00EDC1B4 /* UniverseImageryErrorUtilitiesTest.swift */ = {isa = PBXFileReference; lastKnownFileType = sourcecode.swift; path = UniverseImageryErrorUtilitiesTest.swift; sourceTree = "<group>"; };
		8EA6A91823E173BD00EDC1B4 /* UniverseArrayExtensionTest.swift */ = {isa = PBXFileReference; lastKnownFileType = sourcecode.swift; path = UniverseArrayExtensionTest.swift; sourceTree = "<group>"; };
		8EA6A91A23E1787300EDC1B4 /* UniverseImageViewControllerTest.swift */ = {isa = PBXFileReference; lastKnownFileType = sourcecode.swift; path = UniverseImageViewControllerTest.swift; sourceTree = "<group>"; };
		8EA6A91C23E1A50900EDC1B4 /* UniverseImageCollectionViewControllerTest.swift */ = {isa = PBXFileReference; lastKnownFileType = sourcecode.swift; path = UniverseImageCollectionViewControllerTest.swift; sourceTree = "<group>"; };
		8EA6A91E23E1AC1E00EDC1B4 /* UniverseImageryTextFieldDelegateTest.swift */ = {isa = PBXFileReference; lastKnownFileType = sourcecode.swift; path = UniverseImageryTextFieldDelegateTest.swift; sourceTree = "<group>"; };
		8EA6A92023E1B37F00EDC1B4 /* UniverseImageEmailConfigurerTest.swift */ = {isa = PBXFileReference; lastKnownFileType = sourcecode.swift; path = UniverseImageEmailConfigurerTest.swift; sourceTree = "<group>"; };
		8EA6A92223E1C2CC00EDC1B4 /* UniverseImageryLoadMoreButtonCollectionViewTest.swift */ = {isa = PBXFileReference; lastKnownFileType = sourcecode.swift; path = UniverseImageryLoadMoreButtonCollectionViewTest.swift; sourceTree = "<group>"; };
		8EA6A92423E1C47900EDC1B4 /* UniverseImageryDatePickerTest.swift */ = {isa = PBXFileReference; lastKnownFileType = sourcecode.swift; path = UniverseImageryDatePickerTest.swift; sourceTree = "<group>"; };
		8EC73D2023CB9758000D53DC /* UniverseImageryTextFieldDelegate.swift */ = {isa = PBXFileReference; lastKnownFileType = sourcecode.swift; path = UniverseImageryTextFieldDelegate.swift; sourceTree = "<group>"; };
		8EC73D2223CBA131000D53DC /* UniverseImageryDatePicker.swift */ = {isa = PBXFileReference; lastKnownFileType = sourcecode.swift; path = UniverseImageryDatePicker.swift; sourceTree = "<group>"; };
		8ECA71E623D039BF004DC5CA /* UniverseImageryLoadMoreButtonCollectionView.swift */ = {isa = PBXFileReference; lastKnownFileType = sourcecode.swift; path = UniverseImageryLoadMoreButtonCollectionView.swift; sourceTree = "<group>"; };
		8ECD1CE723D985DD008A1703 /* UniverseViewUtilities.swift */ = {isa = PBXFileReference; lastKnownFileType = sourcecode.swift; path = UniverseViewUtilities.swift; sourceTree = "<group>"; };
		8EEC069B23CDC9F300A32FE8 /* UniverseImageViewModel.swift */ = {isa = PBXFileReference; lastKnownFileType = sourcecode.swift; path = UniverseImageViewModel.swift; sourceTree = "<group>"; };
		8EEC069D23CDD51200A32FE8 /* UniverseImageCollectionViewController.swift */ = {isa = PBXFileReference; lastKnownFileType = sourcecode.swift; path = UniverseImageCollectionViewController.swift; sourceTree = "<group>"; };
		8EEC069E23CDD51200A32FE8 /* UniverseImageCollectionViewController.xib */ = {isa = PBXFileReference; lastKnownFileType = file.xib; path = UniverseImageCollectionViewController.xib; sourceTree = "<group>"; };
		8EEC06A323CE37BD00A32FE8 /* UniverseImageViewController.swift */ = {isa = PBXFileReference; lastKnownFileType = sourcecode.swift; path = UniverseImageViewController.swift; sourceTree = "<group>"; };
		8EEC06A423CE37BD00A32FE8 /* UniverseImageViewController.xib */ = {isa = PBXFileReference; lastKnownFileType = file.xib; path = UniverseImageViewController.xib; sourceTree = "<group>"; };
		8EEC06AB23CF292800A32FE8 /* UniverseImageEmailConfigurer.swift */ = {isa = PBXFileReference; lastKnownFileType = sourcecode.swift; path = UniverseImageEmailConfigurer.swift; sourceTree = "<group>"; };
		8EEC06AE23CF2E1900A32FE8 /* UniverseImageEmailDataSource.swift */ = {isa = PBXFileReference; lastKnownFileType = sourcecode.swift; path = UniverseImageEmailDataSource.swift; sourceTree = "<group>"; };
/* End PBXFileReference section */

/* Begin PBXFrameworksBuildPhase section */
		8E7BEC2523BFCBCE004D14A2 /* Frameworks */ = {
			isa = PBXFrameworksBuildPhase;
			buildActionMask = 2147483647;
			files = (
			);
			runOnlyForDeploymentPostprocessing = 0;
		};
		8E7BEC3B23BFCBD4004D14A2 /* Frameworks */ = {
			isa = PBXFrameworksBuildPhase;
			buildActionMask = 2147483647;
			files = (
			);
			runOnlyForDeploymentPostprocessing = 0;
		};
/* End PBXFrameworksBuildPhase section */

/* Begin PBXGroup section */
		4CB8CC3723D62BD40002D411 /* Models */ = {
			isa = PBXGroup;
			children = (
				4CB8CC3923D62C2D0002D411 /* UniverseEarthLocationInfo.swift */,
			);
			name = Models;
			sourceTree = "<group>";
		};
		4CB8CC3823D62BF40002D411 /* ViewModels */ = {
			isa = PBXGroup;
			children = (
				4CB8CC3B23D62C930002D411 /* UniverseEarthLocationInfoViewModel.swift */,
			);
			name = ViewModels;
			sourceTree = "<group>";
		};
		4CD0FDB823D4D34200CA6052 /* Controllers */ = {
			isa = PBXGroup;
			children = (
				4CD0FDB923D4D37D00CA6052 /* UniverseEarthCriteriaSelectionViewController.swift */,
				4CD0FDBA23D4D37D00CA6052 /* UniverseEarthCriteriaSelectionViewController.xib */,
				4CB8CC3D23D64B3F0002D411 /* UniverseEarthDateSelectionViewController.swift */,
				4CB8CC3E23D64B3F0002D411 /* UniverseEarthDateSelectionViewController.xib */,
			);
			name = Controllers;
			sourceTree = "<group>";
		};
		8E59119423C23C290060CC6A /* Rover */ = {
			isa = PBXGroup;
			children = (
				8EEC069723CDC11D00A32FE8 /* ViewModels */,
				8E60764523C3AC6200EDEC8A /* Controllers */,
				8E51DA4023C07B3D0019E673 /* UniverseRoverCamera.swift */,
			);
			name = Rover;
			sourceTree = "<group>";
		};
		8E59119B23C2671B0060CC6A /* Earth */ = {
			isa = PBXGroup;
			children = (
				4CB8CC3823D62BF40002D411 /* ViewModels */,
				4CB8CC3723D62BD40002D411 /* Models */,
				4CD0FDB823D4D34200CA6052 /* Controllers */,
			);
			name = Earth;
			sourceTree = "<group>";
		};
		8E59119E23C2681B0060CC6A /* Rover */ = {
			isa = PBXGroup;
			children = (
				8E51DA4223C07EA10019E673 /* UniverseRoverCameraCriteria.swift */,
				8E59119523C23C850060CC6A /* UniverseRoverAPIResult.swift */,
				8E59119923C2614B0060CC6A /* UniverseImageryRoverData.swift */,
			);
			name = Rover;
			sourceTree = "<group>";
		};
		8E59119F23C268240060CC6A /* Earth */ = {
			isa = PBXGroup;
			children = (
				8E59119C23C267300060CC6A /* UniverseImageryEarthData.swift */,
			);
			name = Earth;
			sourceTree = "<group>";
		};
		8E60764223C30A6E00EDEC8A /* ImageFetchOperations */ = {
			isa = PBXGroup;
			children = (
				8E60764323C30B0400EDEC8A /* UniverseImageOperation.swift */,
			);
			name = ImageFetchOperations;
			sourceTree = "<group>";
		};
		8E60764523C3AC6200EDEC8A /* Controllers */ = {
			isa = PBXGroup;
			children = (
				8E60764623C3AC9C00EDEC8A /* UniverseRoverCriteriaSelectionViewController.swift */,
				8E60764723C3AC9C00EDEC8A /* UniverseRoverCriteriaSelectionViewController.xib */,
				8E60764F23C4FF9B00EDEC8A /* UniverseRoverCameraSelectionViewController.swift */,
				8E60765023C4FF9B00EDEC8A /* UniverseRoverCameraSelectionViewController.xib */,
			);
			name = Controllers;
			sourceTree = "<group>";
		};
		8E60764A23C462B300EDEC8A /* Utilities */ = {
			isa = PBXGroup;
			children = (
				8E60764B23C462D100EDEC8A /* UniverseAlertViewController.swift */,
				8E60764D23C4D48400EDEC8A /* UniverseArrayExtension.swift */,
				4CD0FDB623D4A4B800CA6052 /* UniverseImageryErrorUtilities.swift */,
				8ECD1CE723D985DD008A1703 /* UniverseViewUtilities.swift */,
			);
			name = Utilities;
			sourceTree = "<group>";
		};
		8E7BEC1F23BFCBCE004D14A2 = {
			isa = PBXGroup;
			children = (
				8E7BEC2A23BFCBCE004D14A2 /* UniverseImagery */,
				8E7BEC4123BFCBD4004D14A2 /* UniverseImageryTests */,
				8E7BEC2923BFCBCE004D14A2 /* Products */,
			);
			sourceTree = "<group>";
		};
		8E7BEC2923BFCBCE004D14A2 /* Products */ = {
			isa = PBXGroup;
			children = (
				8E7BEC2823BFCBCE004D14A2 /* UniverseImagery.app */,
				8E7BEC3E23BFCBD4004D14A2 /* UniverseImageryTests.xctest */,
			);
			name = Products;
			sourceTree = "<group>";
		};
		8E7BEC2A23BFCBCE004D14A2 /* UniverseImagery */ = {
			isa = PBXGroup;
			children = (
				8EEC069A23CDC9A800A32FE8 /* Common */,
				8E60764A23C462B300EDEC8A /* Utilities */,
				8E60764223C30A6E00EDEC8A /* ImageFetchOperations */,
				8E59119B23C2671B0060CC6A /* Earth */,
				8E59119423C23C290060CC6A /* Rover */,
				8E7BEC4D23BFD877004D14A2 /* API */,
				8E7BEC2B23BFCBCE004D14A2 /* AppDelegate.swift */,
				8E7BEC2D23BFCBCE004D14A2 /* SceneDelegate.swift */,
				8E7BEC2F23BFCBCE004D14A2 /* UniverseImageryLandingViewController.swift */,
				8E7BEC3123BFCBCE004D14A2 /* Main.storyboard */,
				8E7BEC3423BFCBD4004D14A2 /* Assets.xcassets */,
				8E7BEC3623BFCBD4004D14A2 /* LaunchScreen.storyboard */,
				8E7BEC3923BFCBD4004D14A2 /* Info.plist */,
			);
			path = UniverseImagery;
			sourceTree = "<group>";
		};
		8E7BEC4123BFCBD4004D14A2 /* UniverseImageryTests */ = {
			isa = PBXGroup;
			children = (
				8E980F8323DC64A300179075 /* Resoures */,
				8E980F8023DC60D500179075 /* Utilities */,
				8E7BEC4223BFCBD4004D14A2 /* UniverseImageryLandingViewControllerTest.swift */,
				8E7BEC4423BFCBD4004D14A2 /* Info.plist */,
				8E980F7C23DC5CBB00179075 /* UniverseRoverAPIResultTest.swift */,
				8E980F8623DC663800179075 /* UniverseImageryEarthDataTest.swift */,
				8E980F8823DC69FF00179075 /* UniverseImageAPIErrorTest.swift */,
				8E980F8A23DC6B8E00179075 /* UniverseImageryEndpointTest.swift */,
				8E980F8C23DC709200179075 /* UniverseRoverCameraTest.swift */,
				8E980F8E23DC74BA00179075 /* UniverseRoverCriteriaSelectionViewControllerTest.swift */,
				8E980F9023DCC1D300179075 /* UniverseRoverCameraSelectionViewControllerTest.swift */,
				8EA6A91023E0C4C400EDC1B4 /* UniverseEarthCriteriaSelectionViewControllerTest.swift */,
				8EA6A91223E14EBE00EDC1B4 /* UniverseEarthDateSelectionViewControllerTest.swift */,
				8EA6A91423E1725600EDC1B4 /* UniverseViewUtilitiesTest.swift */,
				8EA6A91623E172FC00EDC1B4 /* UniverseImageryErrorUtilitiesTest.swift */,
				8EA6A91823E173BD00EDC1B4 /* UniverseArrayExtensionTest.swift */,
				8EA6A91A23E1787300EDC1B4 /* UniverseImageViewControllerTest.swift */,
				8EA6A91C23E1A50900EDC1B4 /* UniverseImageCollectionViewControllerTest.swift */,
				8EA6A91E23E1AC1E00EDC1B4 /* UniverseImageryTextFieldDelegateTest.swift */,
				8EA6A92023E1B37F00EDC1B4 /* UniverseImageEmailConfigurerTest.swift */,
				8EA6A92223E1C2CC00EDC1B4 /* UniverseImageryLoadMoreButtonCollectionViewTest.swift */,
				8EA6A92423E1C47900EDC1B4 /* UniverseImageryDatePickerTest.swift */,
			);
			path = UniverseImageryTests;
			sourceTree = "<group>";
		};
		8E7BEC4D23BFD877004D14A2 /* API */ = {
			isa = PBXGroup;
			children = (
				8E980F7B23DC25CB00179075 /* Common */,
				8E59119F23C268240060CC6A /* Earth */,
				8E59119E23C2681B0060CC6A /* Rover */,
			);
			path = API;
			sourceTree = "<group>";
		};
		8E980F7B23DC25CB00179075 /* Common */ = {
			isa = PBXGroup;
			children = (
				8E7BEC4E23BFD91A004D14A2 /* UniverseImageryUrlCreator.swift */,
				8E7BEC5023BFE0FF004D14A2 /* UniverseImageryEndpoint.swift */,
				8E59119723C23E4C0060CC6A /* UniverseImageryData.swift */,
				8EA41C1323C10A8F0063BF35 /* UniverseImageAPI.swift */,
			);
			name = Common;
			sourceTree = "<group>";
		};
		8E980F8023DC60D500179075 /* Utilities */ = {
			isa = PBXGroup;
			children = (
				8E980F8123DC610E00179075 /* UniverseImagerySampleJSONReader.swift */,
			);
			name = Utilities;
			sourceTree = "<group>";
		};
		8E980F8323DC64A300179075 /* Resoures */ = {
			isa = PBXGroup;
			children = (
				8E980F7E23DC5E8100179075 /* UniverseImageryRoverAPISample.json */,
				8E980F8423DC64FA00179075 /* UniverseImageryEarthAPISample.json */,
			);
			name = Resoures;
			sourceTree = "<group>";
		};
		8ECA71E523D03991004DC5CA /* Views */ = {
			isa = PBXGroup;
			children = (
				8EC73D2223CBA131000D53DC /* UniverseImageryDatePicker.swift */,
				8ECA71E623D039BF004DC5CA /* UniverseImageryLoadMoreButtonCollectionView.swift */,
			);
			name = Views;
			sourceTree = "<group>";
		};
		8EEC069723CDC11D00A32FE8 /* ViewModels */ = {
			isa = PBXGroup;
			children = (
			);
			name = ViewModels;
			sourceTree = "<group>";
		};
		8EEC069A23CDC9A800A32FE8 /* Common */ = {
			isa = PBXGroup;
			children = (
				8ECA71E523D03991004DC5CA /* Views */,
				8EEC06AD23CF2DE900A32FE8 /* Email */,
				8EEC06A223CDD54700A32FE8 /* Controllers */,
				8EEC06A123CDD53C00A32FE8 /* ViewModels */,
			);
			name = Common;
			sourceTree = "<group>";
		};
		8EEC06A123CDD53C00A32FE8 /* ViewModels */ = {
			isa = PBXGroup;
			children = (
				8EEC069B23CDC9F300A32FE8 /* UniverseImageViewModel.swift */,
			);
			name = ViewModels;
			sourceTree = "<group>";
		};
		8EEC06A223CDD54700A32FE8 /* Controllers */ = {
			isa = PBXGroup;
			children = (
				8EC73D2023CB9758000D53DC /* UniverseImageryTextFieldDelegate.swift */,
				8EEC069D23CDD51200A32FE8 /* UniverseImageCollectionViewController.swift */,
				8EEC069E23CDD51200A32FE8 /* UniverseImageCollectionViewController.xib */,
				8EEC06A323CE37BD00A32FE8 /* UniverseImageViewController.swift */,
				8EEC06A423CE37BD00A32FE8 /* UniverseImageViewController.xib */,
			);
			name = Controllers;
			sourceTree = "<group>";
		};
		8EEC06AD23CF2DE900A32FE8 /* Email */ = {
			isa = PBXGroup;
			children = (
				8EEC06AB23CF292800A32FE8 /* UniverseImageEmailConfigurer.swift */,
				8EEC06AE23CF2E1900A32FE8 /* UniverseImageEmailDataSource.swift */,
			);
			name = Email;
			sourceTree = "<group>";
		};
/* End PBXGroup section */

/* Begin PBXNativeTarget section */
		8E7BEC2723BFCBCE004D14A2 /* UniverseImagery */ = {
			isa = PBXNativeTarget;
			buildConfigurationList = 8E7BEC4723BFCBD4004D14A2 /* Build configuration list for PBXNativeTarget "UniverseImagery" */;
			buildPhases = (
				8E7BEC2423BFCBCE004D14A2 /* Sources */,
				8E7BEC2523BFCBCE004D14A2 /* Frameworks */,
				8E7BEC2623BFCBCE004D14A2 /* Resources */,
			);
			buildRules = (
			);
			dependencies = (
			);
			name = UniverseImagery;
			productName = UniverseImagery;
			productReference = 8E7BEC2823BFCBCE004D14A2 /* UniverseImagery.app */;
			productType = "com.apple.product-type.application";
		};
		8E7BEC3D23BFCBD4004D14A2 /* UniverseImageryTests */ = {
			isa = PBXNativeTarget;
			buildConfigurationList = 8E7BEC4A23BFCBD4004D14A2 /* Build configuration list for PBXNativeTarget "UniverseImageryTests" */;
			buildPhases = (
				8E7BEC3A23BFCBD4004D14A2 /* Sources */,
				8E7BEC3B23BFCBD4004D14A2 /* Frameworks */,
				8E7BEC3C23BFCBD4004D14A2 /* Resources */,
			);
			buildRules = (
			);
			dependencies = (
				8E7BEC4023BFCBD4004D14A2 /* PBXTargetDependency */,
			);
			name = UniverseImageryTests;
			productName = UniverseImageryTests;
			productReference = 8E7BEC3E23BFCBD4004D14A2 /* UniverseImageryTests.xctest */;
			productType = "com.apple.product-type.bundle.unit-test";
		};
/* End PBXNativeTarget section */

/* Begin PBXProject section */
		8E7BEC2023BFCBCE004D14A2 /* Project object */ = {
			isa = PBXProject;
			attributes = {
				LastSwiftUpdateCheck = 1130;
				LastUpgradeCheck = 1130;
				ORGANIZATIONNAME = Bharath;
				TargetAttributes = {
					8E7BEC2723BFCBCE004D14A2 = {
						CreatedOnToolsVersion = 11.3;
					};
					8E7BEC3D23BFCBD4004D14A2 = {
						CreatedOnToolsVersion = 11.3;
						TestTargetID = 8E7BEC2723BFCBCE004D14A2;
					};
				};
			};
			buildConfigurationList = 8E7BEC2323BFCBCE004D14A2 /* Build configuration list for PBXProject "UniverseImagery" */;
			compatibilityVersion = "Xcode 9.3";
			developmentRegion = en;
			hasScannedForEncodings = 0;
			knownRegions = (
				en,
				Base,
			);
			mainGroup = 8E7BEC1F23BFCBCE004D14A2;
			productRefGroup = 8E7BEC2923BFCBCE004D14A2 /* Products */;
			projectDirPath = "";
			projectRoot = "";
			targets = (
				8E7BEC2723BFCBCE004D14A2 /* UniverseImagery */,
				8E7BEC3D23BFCBD4004D14A2 /* UniverseImageryTests */,
			);
		};
/* End PBXProject section */

/* Begin PBXResourcesBuildPhase section */
		8E7BEC2623BFCBCE004D14A2 /* Resources */ = {
			isa = PBXResourcesBuildPhase;
			buildActionMask = 2147483647;
			files = (
				4CB8CC4023D64B3F0002D411 /* UniverseEarthDateSelectionViewController.xib in Resources */,
				8E60764923C3AC9C00EDEC8A /* UniverseRoverCriteriaSelectionViewController.xib in Resources */,
				8EEC06A023CDD51200A32FE8 /* UniverseImageCollectionViewController.xib in Resources */,
				8E7BEC3823BFCBD4004D14A2 /* LaunchScreen.storyboard in Resources */,
				8E60765223C4FF9B00EDEC8A /* UniverseRoverCameraSelectionViewController.xib in Resources */,
				8E7BEC3523BFCBD4004D14A2 /* Assets.xcassets in Resources */,
				8E7BEC3323BFCBCE004D14A2 /* Main.storyboard in Resources */,
				4CD0FDBC23D4D37D00CA6052 /* UniverseEarthCriteriaSelectionViewController.xib in Resources */,
				8EEC06A623CE37BD00A32FE8 /* UniverseImageViewController.xib in Resources */,
			);
			runOnlyForDeploymentPostprocessing = 0;
		};
		8E7BEC3C23BFCBD4004D14A2 /* Resources */ = {
			isa = PBXResourcesBuildPhase;
			buildActionMask = 2147483647;
			files = (
				8E980F7F23DC5E8100179075 /* UniverseImageryRoverAPISample.json in Resources */,
				8E980F8523DC64FA00179075 /* UniverseImageryEarthAPISample.json in Resources */,
			);
			runOnlyForDeploymentPostprocessing = 0;
		};
/* End PBXResourcesBuildPhase section */

/* Begin PBXSourcesBuildPhase section */
		8E7BEC2423BFCBCE004D14A2 /* Sources */ = {
			isa = PBXSourcesBuildPhase;
			buildActionMask = 2147483647;
			files = (
				8E7BEC4F23BFD91A004D14A2 /* UniverseImageryUrlCreator.swift in Sources */,
				8EEC069C23CDC9F300A32FE8 /* UniverseImageViewModel.swift in Sources */,
				8EEC06AF23CF2E1900A32FE8 /* UniverseImageEmailDataSource.swift in Sources */,
				8E7BEC3023BFCBCE004D14A2 /* UniverseImageryLandingViewController.swift in Sources */,
				4CB8CC3F23D64B3F0002D411 /* UniverseEarthDateSelectionViewController.swift in Sources */,
				8E7BEC5123BFE0FF004D14A2 /* UniverseImageryEndpoint.swift in Sources */,
				4CB8CC3A23D62C2D0002D411 /* UniverseEarthLocationInfo.swift in Sources */,
				8E51DA4323C07EA10019E673 /* UniverseRoverCameraCriteria.swift in Sources */,
				8E60764E23C4D48400EDEC8A /* UniverseArrayExtension.swift in Sources */,
				8ECA71E723D039BF004DC5CA /* UniverseImageryLoadMoreButtonCollectionView.swift in Sources */,
				8EC73D2323CBA131000D53DC /* UniverseImageryDatePicker.swift in Sources */,
				8E59119A23C2614B0060CC6A /* UniverseImageryRoverData.swift in Sources */,
				8EEC06AC23CF292800A32FE8 /* UniverseImageEmailConfigurer.swift in Sources */,
				8E7BEC2C23BFCBCE004D14A2 /* AppDelegate.swift in Sources */,
				8E60764423C30B0400EDEC8A /* UniverseImageOperation.swift in Sources */,
				8EC73D2123CB9758000D53DC /* UniverseImageryTextFieldDelegate.swift in Sources */,
				8E60765123C4FF9B00EDEC8A /* UniverseRoverCameraSelectionViewController.swift in Sources */,
				8E51DA4123C07B3D0019E673 /* UniverseRoverCamera.swift in Sources */,
				8E60764823C3AC9C00EDEC8A /* UniverseRoverCriteriaSelectionViewController.swift in Sources */,
				8E60764C23C462D100EDEC8A /* UniverseAlertViewController.swift in Sources */,
				8E7BEC2E23BFCBCE004D14A2 /* SceneDelegate.swift in Sources */,
				8E59119823C23E4C0060CC6A /* UniverseImageryData.swift in Sources */,
				8EEC069F23CDD51200A32FE8 /* UniverseImageCollectionViewController.swift in Sources */,
				8EEC06A523CE37BD00A32FE8 /* UniverseImageViewController.swift in Sources */,
				4CB8CC3C23D62C930002D411 /* UniverseEarthLocationInfoViewModel.swift in Sources */,
				4CD0FDBB23D4D37D00CA6052 /* UniverseEarthCriteriaSelectionViewController.swift in Sources */,
				8EA41C1423C10A8F0063BF35 /* UniverseImageAPI.swift in Sources */,
				8E59119D23C267300060CC6A /* UniverseImageryEarthData.swift in Sources */,
				8E59119623C23C850060CC6A /* UniverseRoverAPIResult.swift in Sources */,
				8ECD1CE823D985DD008A1703 /* UniverseViewUtilities.swift in Sources */,
				4CD0FDB723D4A4B800CA6052 /* UniverseImageryErrorUtilities.swift in Sources */,
			);
			runOnlyForDeploymentPostprocessing = 0;
		};
		8E7BEC3A23BFCBD4004D14A2 /* Sources */ = {
			isa = PBXSourcesBuildPhase;
			buildActionMask = 2147483647;
			files = (
				8EA6A91123E0C4C400EDC1B4 /* UniverseEarthCriteriaSelectionViewControllerTest.swift in Sources */,
				8EA6A92523E1C47900EDC1B4 /* UniverseImageryDatePickerTest.swift in Sources */,
				8E980F8F23DC74BA00179075 /* UniverseRoverCriteriaSelectionViewControllerTest.swift in Sources */,
				8EA6A91923E173BD00EDC1B4 /* UniverseArrayExtensionTest.swift in Sources */,
				8E980F8B23DC6B8E00179075 /* UniverseImageryEndpointTest.swift in Sources */,
				8E980F8D23DC709200179075 /* UniverseRoverCameraTest.swift in Sources */,
				8E980F8923DC69FF00179075 /* UniverseImageAPIErrorTest.swift in Sources */,
				8E980F7D23DC5CBB00179075 /* UniverseRoverAPIResultTest.swift in Sources */,
				8E7BEC4323BFCBD4004D14A2 /* UniverseImageryLandingViewControllerTest.swift in Sources */,
				8E980F8723DC663800179075 /* UniverseImageryEarthDataTest.swift in Sources */,
				8EA6A91D23E1A50900EDC1B4 /* UniverseImageCollectionViewControllerTest.swift in Sources */,
				8E980F9123DCC1D300179075 /* UniverseRoverCameraSelectionViewControllerTest.swift in Sources */,
				8EA6A91323E14EBE00EDC1B4 /* UniverseEarthDateSelectionViewControllerTest.swift in Sources */,
				8EA6A91523E1725600EDC1B4 /* UniverseViewUtilitiesTest.swift in Sources */,
				8EA6A91723E172FC00EDC1B4 /* UniverseImageryErrorUtilitiesTest.swift in Sources */,
				8E980F8223DC610E00179075 /* UniverseImagerySampleJSONReader.swift in Sources */,
				8EA6A91B23E1787300EDC1B4 /* UniverseImageViewControllerTest.swift in Sources */,
				8EA6A91F23E1AC1E00EDC1B4 /* UniverseImageryTextFieldDelegateTest.swift in Sources */,
				8EA6A92123E1B37F00EDC1B4 /* UniverseImageEmailConfigurerTest.swift in Sources */,
				8EA6A92323E1C2CC00EDC1B4 /* UniverseImageryLoadMoreButtonCollectionViewTest.swift in Sources */,
			);
			runOnlyForDeploymentPostprocessing = 0;
		};
/* End PBXSourcesBuildPhase section */

/* Begin PBXTargetDependency section */
		8E7BEC4023BFCBD4004D14A2 /* PBXTargetDependency */ = {
			isa = PBXTargetDependency;
			target = 8E7BEC2723BFCBCE004D14A2 /* UniverseImagery */;
			targetProxy = 8E7BEC3F23BFCBD4004D14A2 /* PBXContainerItemProxy */;
		};
/* End PBXTargetDependency section */

/* Begin PBXVariantGroup section */
		8E7BEC3123BFCBCE004D14A2 /* Main.storyboard */ = {
			isa = PBXVariantGroup;
			children = (
				8E7BEC3223BFCBCE004D14A2 /* Base */,
			);
			name = Main.storyboard;
			sourceTree = "<group>";
		};
		8E7BEC3623BFCBD4004D14A2 /* LaunchScreen.storyboard */ = {
			isa = PBXVariantGroup;
			children = (
				8E7BEC3723BFCBD4004D14A2 /* Base */,
			);
			name = LaunchScreen.storyboard;
			sourceTree = "<group>";
		};
/* End PBXVariantGroup section */

/* Begin XCBuildConfiguration section */
		8E7BEC4523BFCBD4004D14A2 /* Debug */ = {
			isa = XCBuildConfiguration;
			buildSettings = {
				ALWAYS_SEARCH_USER_PATHS = NO;
				CLANG_ANALYZER_NONNULL = YES;
				CLANG_ANALYZER_NUMBER_OBJECT_CONVERSION = YES_AGGRESSIVE;
				CLANG_CXX_LANGUAGE_STANDARD = "gnu++14";
				CLANG_CXX_LIBRARY = "libc++";
				CLANG_ENABLE_MODULES = YES;
				CLANG_ENABLE_OBJC_ARC = YES;
				CLANG_ENABLE_OBJC_WEAK = YES;
				CLANG_WARN_BLOCK_CAPTURE_AUTORELEASING = YES;
				CLANG_WARN_BOOL_CONVERSION = YES;
				CLANG_WARN_COMMA = YES;
				CLANG_WARN_CONSTANT_CONVERSION = YES;
				CLANG_WARN_DEPRECATED_OBJC_IMPLEMENTATIONS = YES;
				CLANG_WARN_DIRECT_OBJC_ISA_USAGE = YES_ERROR;
				CLANG_WARN_DOCUMENTATION_COMMENTS = YES;
				CLANG_WARN_EMPTY_BODY = YES;
				CLANG_WARN_ENUM_CONVERSION = YES;
				CLANG_WARN_INFINITE_RECURSION = YES;
				CLANG_WARN_INT_CONVERSION = YES;
				CLANG_WARN_NON_LITERAL_NULL_CONVERSION = YES;
				CLANG_WARN_OBJC_IMPLICIT_RETAIN_SELF = YES;
				CLANG_WARN_OBJC_LITERAL_CONVERSION = YES;
				CLANG_WARN_OBJC_ROOT_CLASS = YES_ERROR;
				CLANG_WARN_RANGE_LOOP_ANALYSIS = YES;
				CLANG_WARN_STRICT_PROTOTYPES = YES;
				CLANG_WARN_SUSPICIOUS_MOVE = YES;
				CLANG_WARN_UNGUARDED_AVAILABILITY = YES_AGGRESSIVE;
				CLANG_WARN_UNREACHABLE_CODE = YES;
				CLANG_WARN__DUPLICATE_METHOD_MATCH = YES;
				COPY_PHASE_STRIP = NO;
				DEBUG_INFORMATION_FORMAT = dwarf;
				ENABLE_STRICT_OBJC_MSGSEND = YES;
				ENABLE_TESTABILITY = YES;
				GCC_C_LANGUAGE_STANDARD = gnu11;
				GCC_DYNAMIC_NO_PIC = NO;
				GCC_NO_COMMON_BLOCKS = YES;
				GCC_OPTIMIZATION_LEVEL = 0;
				GCC_PREPROCESSOR_DEFINITIONS = (
					"DEBUG=1",
					"$(inherited)",
				);
				GCC_WARN_64_TO_32_BIT_CONVERSION = YES;
				GCC_WARN_ABOUT_RETURN_TYPE = YES_ERROR;
				GCC_WARN_UNDECLARED_SELECTOR = YES;
				GCC_WARN_UNINITIALIZED_AUTOS = YES_AGGRESSIVE;
				GCC_WARN_UNUSED_FUNCTION = YES;
				GCC_WARN_UNUSED_VARIABLE = YES;
				IPHONEOS_DEPLOYMENT_TARGET = 13.2;
				MTL_ENABLE_DEBUG_INFO = INCLUDE_SOURCE;
				MTL_FAST_MATH = YES;
				ONLY_ACTIVE_ARCH = YES;
				SDKROOT = iphoneos;
				SWIFT_ACTIVE_COMPILATION_CONDITIONS = DEBUG;
				SWIFT_OPTIMIZATION_LEVEL = "-Onone";
			};
			name = Debug;
		};
		8E7BEC4623BFCBD4004D14A2 /* Release */ = {
			isa = XCBuildConfiguration;
			buildSettings = {
				ALWAYS_SEARCH_USER_PATHS = NO;
				CLANG_ANALYZER_NONNULL = YES;
				CLANG_ANALYZER_NUMBER_OBJECT_CONVERSION = YES_AGGRESSIVE;
				CLANG_CXX_LANGUAGE_STANDARD = "gnu++14";
				CLANG_CXX_LIBRARY = "libc++";
				CLANG_ENABLE_MODULES = YES;
				CLANG_ENABLE_OBJC_ARC = YES;
				CLANG_ENABLE_OBJC_WEAK = YES;
				CLANG_WARN_BLOCK_CAPTURE_AUTORELEASING = YES;
				CLANG_WARN_BOOL_CONVERSION = YES;
				CLANG_WARN_COMMA = YES;
				CLANG_WARN_CONSTANT_CONVERSION = YES;
				CLANG_WARN_DEPRECATED_OBJC_IMPLEMENTATIONS = YES;
				CLANG_WARN_DIRECT_OBJC_ISA_USAGE = YES_ERROR;
				CLANG_WARN_DOCUMENTATION_COMMENTS = YES;
				CLANG_WARN_EMPTY_BODY = YES;
				CLANG_WARN_ENUM_CONVERSION = YES;
				CLANG_WARN_INFINITE_RECURSION = YES;
				CLANG_WARN_INT_CONVERSION = YES;
				CLANG_WARN_NON_LITERAL_NULL_CONVERSION = YES;
				CLANG_WARN_OBJC_IMPLICIT_RETAIN_SELF = YES;
				CLANG_WARN_OBJC_LITERAL_CONVERSION = YES;
				CLANG_WARN_OBJC_ROOT_CLASS = YES_ERROR;
				CLANG_WARN_RANGE_LOOP_ANALYSIS = YES;
				CLANG_WARN_STRICT_PROTOTYPES = YES;
				CLANG_WARN_SUSPICIOUS_MOVE = YES;
				CLANG_WARN_UNGUARDED_AVAILABILITY = YES_AGGRESSIVE;
				CLANG_WARN_UNREACHABLE_CODE = YES;
				CLANG_WARN__DUPLICATE_METHOD_MATCH = YES;
				COPY_PHASE_STRIP = NO;
				DEBUG_INFORMATION_FORMAT = "dwarf-with-dsym";
				ENABLE_NS_ASSERTIONS = NO;
				ENABLE_STRICT_OBJC_MSGSEND = YES;
				GCC_C_LANGUAGE_STANDARD = gnu11;
				GCC_NO_COMMON_BLOCKS = YES;
				GCC_WARN_64_TO_32_BIT_CONVERSION = YES;
				GCC_WARN_ABOUT_RETURN_TYPE = YES_ERROR;
				GCC_WARN_UNDECLARED_SELECTOR = YES;
				GCC_WARN_UNINITIALIZED_AUTOS = YES_AGGRESSIVE;
				GCC_WARN_UNUSED_FUNCTION = YES;
				GCC_WARN_UNUSED_VARIABLE = YES;
				IPHONEOS_DEPLOYMENT_TARGET = 13.2;
				MTL_ENABLE_DEBUG_INFO = NO;
				MTL_FAST_MATH = YES;
				SDKROOT = iphoneos;
				SWIFT_COMPILATION_MODE = wholemodule;
				SWIFT_OPTIMIZATION_LEVEL = "-O";
				VALIDATE_PRODUCT = YES;
			};
			name = Release;
		};
		8E7BEC4823BFCBD4004D14A2 /* Debug */ = {
			isa = XCBuildConfiguration;
			buildSettings = {
				ASSETCATALOG_COMPILER_APPICON_NAME = AppIcon;
				CODE_SIGN_STYLE = Automatic;
				DEVELOPMENT_TEAM = 73CXK45F3F;
				INFOPLIST_FILE = UniverseImagery/Info.plist;
				LD_RUNPATH_SEARCH_PATHS = (
					"$(inherited)",
					"@executable_path/Frameworks",
				);
				PRODUCT_BUNDLE_IDENTIFIER = GunduApps.UniverseImagery;
				PRODUCT_NAME = "$(TARGET_NAME)";
				SWIFT_VERSION = 5.0;
				TARGETED_DEVICE_FAMILY = 1;
			};
			name = Debug;
		};
		8E7BEC4923BFCBD4004D14A2 /* Release */ = {
			isa = XCBuildConfiguration;
			buildSettings = {
				ASSETCATALOG_COMPILER_APPICON_NAME = AppIcon;
				CODE_SIGN_STYLE = Automatic;
				DEVELOPMENT_TEAM = 73CXK45F3F;
				INFOPLIST_FILE = UniverseImagery/Info.plist;
				LD_RUNPATH_SEARCH_PATHS = (
					"$(inherited)",
					"@executable_path/Frameworks",
				);
				PRODUCT_BUNDLE_IDENTIFIER = GunduApps.UniverseImagery;
				PRODUCT_NAME = "$(TARGET_NAME)";
				SWIFT_VERSION = 5.0;
				TARGETED_DEVICE_FAMILY = 1;
			};
			name = Release;
		};
		8E7BEC4B23BFCBD4004D14A2 /* Debug */ = {
			isa = XCBuildConfiguration;
			buildSettings = {
				ALWAYS_EMBED_SWIFT_STANDARD_LIBRARIES = YES;
				BUNDLE_LOADER = "$(TEST_HOST)";
				CODE_SIGN_STYLE = Automatic;
				DEVELOPMENT_TEAM = 73CXK45F3F;
				INFOPLIST_FILE = UniverseImageryTests/Info.plist;
				IPHONEOS_DEPLOYMENT_TARGET = 13.2;
				LD_RUNPATH_SEARCH_PATHS = (
					"$(inherited)",
					"@executable_path/Frameworks",
					"@loader_path/Frameworks",
				);
				PRODUCT_BUNDLE_IDENTIFIER = GunduApps.UniverseImageryTests;
				PRODUCT_NAME = "$(TARGET_NAME)";
				SWIFT_VERSION = 5.0;
				TARGETED_DEVICE_FAMILY = "1,2";
				TEST_HOST = "$(BUILT_PRODUCTS_DIR)/UniverseImagery.app/UniverseImagery";
			};
			name = Debug;
		};
		8E7BEC4C23BFCBD4004D14A2 /* Release */ = {
			isa = XCBuildConfiguration;
			buildSettings = {
				ALWAYS_EMBED_SWIFT_STANDARD_LIBRARIES = YES;
				BUNDLE_LOADER = "$(TEST_HOST)";
				CODE_SIGN_STYLE = Automatic;
				DEVELOPMENT_TEAM = 73CXK45F3F;
				INFOPLIST_FILE = UniverseImageryTests/Info.plist;
				IPHONEOS_DEPLOYMENT_TARGET = 13.2;
				LD_RUNPATH_SEARCH_PATHS = (
					"$(inherited)",
					"@executable_path/Frameworks",
					"@loader_path/Frameworks",
				);
				PRODUCT_BUNDLE_IDENTIFIER = GunduApps.UniverseImageryTests;
				PRODUCT_NAME = "$(TARGET_NAME)";
				SWIFT_VERSION = 5.0;
				TARGETED_DEVICE_FAMILY = "1,2";
				TEST_HOST = "$(BUILT_PRODUCTS_DIR)/UniverseImagery.app/UniverseImagery";
			};
			name = Release;
		};
/* End XCBuildConfiguration section */

/* Begin XCConfigurationList section */
		8E7BEC2323BFCBCE004D14A2 /* Build configuration list for PBXProject "UniverseImagery" */ = {
			isa = XCConfigurationList;
			buildConfigurations = (
				8E7BEC4523BFCBD4004D14A2 /* Debug */,
				8E7BEC4623BFCBD4004D14A2 /* Release */,
			);
			defaultConfigurationIsVisible = 0;
			defaultConfigurationName = Release;
		};
		8E7BEC4723BFCBD4004D14A2 /* Build configuration list for PBXNativeTarget "UniverseImagery" */ = {
			isa = XCConfigurationList;
			buildConfigurations = (
				8E7BEC4823BFCBD4004D14A2 /* Debug */,
				8E7BEC4923BFCBD4004D14A2 /* Release */,
			);
			defaultConfigurationIsVisible = 0;
			defaultConfigurationName = Release;
		};
		8E7BEC4A23BFCBD4004D14A2 /* Build configuration list for PBXNativeTarget "UniverseImageryTests" */ = {
			isa = XCConfigurationList;
			buildConfigurations = (
				8E7BEC4B23BFCBD4004D14A2 /* Debug */,
				8E7BEC4C23BFCBD4004D14A2 /* Release */,
			);
			defaultConfigurationIsVisible = 0;
			defaultConfigurationName = Release;
		};
/* End XCConfigurationList section */
	};
	rootObject = 8E7BEC2023BFCBCE004D14A2 /* Project object */;
}
